schema: '2.0'
stages:
  data_collection:
    cmd: python src/data/data_collection.py
    deps:
    - path: src/data/data_collection.py
      hash: md5
      md5: af94c392255ab56eca54b962b6d4adec
      size: 2021
    params:
      params.yaml:
        data_collection.test_size: 0.2
    outs:
    - path: data/raw
      hash: md5
      md5: c0c2d65c14a603e91e029fda3c344a5c.dir
      size: 522262
      nfiles: 2
  pre_processing:
    cmd: python src/data/data_prep.py
    deps:
    - path: data/raw
      hash: md5
      md5: c0c2d65c14a603e91e029fda3c344a5c.dir
      size: 522262
      nfiles: 2
    - path: src/data/data_prep.py
      hash: md5
      md5: 98ac246e849e8f04929f66d8f913431d
      size: 1922
    outs:
    - path: data/processed
      hash: md5
      md5: 50cb8001cd56bb2743fd3102227ab870.dir
      size: 546137
      nfiles: 2
  model_building:
    cmd: python src/model/model_building.py
    deps:
    - path: data/processed
      hash: md5
      md5: 50cb8001cd56bb2743fd3102227ab870.dir
      size: 546137
      nfiles: 2
    - path: src/model/model_building.py
      hash: md5
      md5: a554d64b94c25c8c3f32cf484df08b15
      size: 3000
    params:
      params.yaml:
        model_building.n_estimators: 1000
    outs:
    - path: models/model.pkl
      hash: md5
      md5: 2e22548ed8b39fab6bbd8204f8515b74
      size: 73618947
  model_eval:
    cmd: python src/model/model_eval.py
    deps:
    - path: models/model.pkl
      hash: md5
      md5: 2e22548ed8b39fab6bbd8204f8515b74
      size: 73618947
    - path: src/model/model_eval.py
      hash: md5
      md5: 26825c03d4fe3510e82c180ebb06d828
      size: 2575
    outs:
    - path: reports/metrics.json
      hash: md5
      md5: 69c9312884bc6949bf7ab7206640e2ef
      size: 145
